// !$*UTF8*$!
{
	archiveVersion = 1;
	classes = {
	};
	objectVersion = 56;
	objects = {

/* Begin PBXBuildFile section */
		AF0F7D1C2AB6A6DC00D42F2B /* AppDelegate.swift in Sources */ = {isa = PBXBuildFile; fileRef = AF0F7D1B2AB6A6DC00D42F2B /* AppDelegate.swift */; };
		AF0F7D1E2AB6A6DC00D42F2B /* SceneDelegate.swift in Sources */ = {isa = PBXBuildFile; fileRef = AF0F7D1D2AB6A6DC00D42F2B /* SceneDelegate.swift */; };
		AF0F7D232AB6A6DC00D42F2B /* Main.storyboard in Resources */ = {isa = PBXBuildFile; fileRef = AF0F7D212AB6A6DC00D42F2B /* Main.storyboard */; };
		AF0F7D252AB6A6DD00D42F2B /* Assets.xcassets in Resources */ = {isa = PBXBuildFile; fileRef = AF0F7D242AB6A6DD00D42F2B /* Assets.xcassets */; };
		AF0F7D282AB6A6DD00D42F2B /* LaunchScreen.storyboard in Resources */ = {isa = PBXBuildFile; fileRef = AF0F7D262AB6A6DD00D42F2B /* LaunchScreen.storyboard */; };
		AF0F7D302AB6A71F00D42F2B /* HistoryTableViewController.swift in Sources */ = {isa = PBXBuildFile; fileRef = AF0F7D2F2AB6A71F00D42F2B /* HistoryTableViewController.swift */; };
		AF0F7D322AB6A77900D42F2B /* EntryViewController.swift in Sources */ = {isa = PBXBuildFile; fileRef = AF0F7D312AB6A77900D42F2B /* EntryViewController.swift */; };
		AF0F7D362AB6A85A00D42F2B /* ResponseTableViewCell.swift in Sources */ = {isa = PBXBuildFile; fileRef = AF0F7D352AB6A85A00D42F2B /* ResponseTableViewCell.swift */; };
		AF0F7D392AB6A94E00D42F2B /* Diary.swift in Sources */ = {isa = PBXBuildFile; fileRef = AF0F7D382AB6A94E00D42F2B /* Diary.swift */; };
		AF1D58A12AB6ECBF00F3863F /* DateTableViewCell.swift in Sources */ = {isa = PBXBuildFile; fileRef = AF1D58A02AB6ECBF00F3863F /* DateTableViewCell.swift */; };
		AF81203E2AB6B685000BE7E9 /* TopicTableViewCell.swift in Sources */ = {isa = PBXBuildFile; fileRef = AF81203D2AB6B685000BE7E9 /* TopicTableViewCell.swift */; };
/* End PBXBuildFile section */

/* Begin PBXFileReference section */
		AF0F7D182AB6A6DC00D42F2B /* myDiary.app */ = {isa = PBXFileReference; explicitFileType = wrapper.application; includeInIndex = 0; path = myDiary.app; sourceTree = BUILT_PRODUCTS_DIR; };
		AF0F7D1B2AB6A6DC00D42F2B /* AppDelegate.swift */ = {isa = PBXFileReference; lastKnownFileType = sourcecode.swift; path = AppDelegate.swift; sourceTree = "<group>"; };
		AF0F7D1D2AB6A6DC00D42F2B /* SceneDelegate.swift */ = {isa = PBXFileReference; lastKnownFileType = sourcecode.swift; path = SceneDelegate.swift; sourceTree = "<group>"; };
		AF0F7D222AB6A6DC00D42F2B /* Base */ = {isa = PBXFileReference; lastKnownFileType = file.storyboard; name = Base; path = Base.lproj/Main.storyboard; sourceTree = "<group>"; };
		AF0F7D242AB6A6DD00D42F2B /* Assets.xcassets */ = {isa = PBXFileReference; lastKnownFileType = folder.assetcatalog; path = Assets.xcassets; sourceTree = "<group>"; };
		AF0F7D272AB6A6DD00D42F2B /* Base */ = {isa = PBXFileReference; lastKnownFileType = file.storyboard; name = Base; path = Base.lproj/LaunchScreen.storyboard; sourceTree = "<group>"; };
		AF0F7D292AB6A6DD00D42F2B /* Info.plist */ = {isa = PBXFileReference; lastKnownFileType = text.plist.xml; path = Info.plist; sourceTree = "<group>"; };
		AF0F7D2F2AB6A71F00D42F2B /* HistoryTableViewController.swift */ = {isa = PBXFileReference; lastKnownFileType = sourcecode.swift; path = HistoryTableViewController.swift; sourceTree = "<group>"; };
		AF0F7D312AB6A77900D42F2B /* EntryViewController.swift */ = {isa = PBXFileReference; lastKnownFileType = sourcecode.swift; path = EntryViewController.swift; sourceTree = "<group>"; };
		AF0F7D352AB6A85A00D42F2B /* ResponseTableViewCell.swift */ = {isa = PBXFileReference; lastKnownFileType = sourcecode.swift; path = ResponseTableViewCell.swift; sourceTree = "<group>"; };
		AF0F7D382AB6A94E00D42F2B /* Diary.swift */ = {isa = PBXFileReference; lastKnownFileType = sourcecode.swift; path = Diary.swift; sourceTree = "<group>"; };
		AF1D58A02AB6ECBF00F3863F /* DateTableViewCell.swift */ = {isa = PBXFileReference; lastKnownFileType = sourcecode.swift; path = DateTableViewCell.swift; sourceTree = "<group>"; };
		AF81203D2AB6B685000BE7E9 /* TopicTableViewCell.swift */ = {isa = PBXFileReference; lastKnownFileType = sourcecode.swift; path = TopicTableViewCell.swift; sourceTree = "<group>"; };
/* End PBXFileReference section */

/* Begin PBXFrameworksBuildPhase section */
		AF0F7D152AB6A6DC00D42F2B /* Frameworks */ = {
			isa = PBXFrameworksBuildPhase;
			buildActionMask = 2147483647;
			files = (
			);
			runOnlyForDeploymentPostprocessing = 0;
		};
/* End PBXFrameworksBuildPhase section */

/* Begin PBXGroup section */
		AF0F7D0F2AB6A6DC00D42F2B = {
			isa = PBXGroup;
			children = (
				AF0F7D1A2AB6A6DC00D42F2B /* myDiary */,
				AF0F7D192AB6A6DC00D42F2B /* Products */,
			);
			sourceTree = "<group>";
		};
		AF0F7D192AB6A6DC00D42F2B /* Products */ = {
			isa = PBXGroup;
			children = (
				AF0F7D182AB6A6DC00D42F2B /* myDiary.app */,
			);
			name = Products;
			sourceTree = "<group>";
		};
		AF0F7D1A2AB6A6DC00D42F2B /* myDiary */ = {
			isa = PBXGroup;
			children = (
				AF0F7D1B2AB6A6DC00D42F2B /* AppDelegate.swift */,
				AF0F7D1D2AB6A6DC00D42F2B /* SceneDelegate.swift */,
				AF0F7D3A2AB6AA6E00D42F2B /* Models */,
				AF0F7D372AB6A86700D42F2B /* Controllers */,
				AF0F7D212AB6A6DC00D42F2B /* Main.storyboard */,
				AF1D58A02AB6ECBF00F3863F /* DateTableViewCell.swift */,
				AF0F7D262AB6A6DD00D42F2B /* LaunchScreen.storyboard */,
				AF0F7D242AB6A6DD00D42F2B /* Assets.xcassets */,
				AF0F7D292AB6A6DD00D42F2B /* Info.plist */,
			);
			path = myDiary;
			sourceTree = "<group>";
		};
		AF0F7D372AB6A86700D42F2B /* Controllers */ = {
			isa = PBXGroup;
			children = (
				AF81203D2AB6B685000BE7E9 /* TopicTableViewCell.swift */,
				AF0F7D352AB6A85A00D42F2B /* ResponseTableViewCell.swift */,
				AF0F7D2F2AB6A71F00D42F2B /* HistoryTableViewController.swift */,
				AF0F7D312AB6A77900D42F2B /* EntryViewController.swift */,
			);
			path = Controllers;
			sourceTree = "<group>";
		};
		AF0F7D3A2AB6AA6E00D42F2B /* Models */ = {
			isa = PBXGroup;
			children = (
				AF0F7D382AB6A94E00D42F2B /* Diary.swift */,
			);
			path = Models;
			sourceTree = "<group>";
		};
/* End PBXGroup section */

/* Begin PBXNativeTarget section */
		AF0F7D172AB6A6DC00D42F2B /* myDiary */ = {
			isa = PBXNativeTarget;
			buildConfigurationList = AF0F7D2C2AB6A6DD00D42F2B /* Build configuration list for PBXNativeTarget "myDiary" */;
			buildPhases = (
				AF0F7D142AB6A6DC00D42F2B /* Sources */,
				AF0F7D152AB6A6DC00D42F2B /* Frameworks */,
				AF0F7D162AB6A6DC00D42F2B /* Resources */,
			);
			buildRules = (
			);
			dependencies = (
			);
			name = myDiary;
			productName = myDiary;
			productReference = AF0F7D182AB6A6DC00D42F2B /* myDiary.app */;
			productType = "com.apple.product-type.application";
		};
/* End PBXNativeTarget section */

/* Begin PBXProject section */
		AF0F7D102AB6A6DC00D42F2B /* Project object */ = {
			isa = PBXProject;
			attributes = {
				BuildIndependentTargetsInParallel = 1;
				LastSwiftUpdateCheck = 1430;
				LastUpgradeCheck = 1500;
				TargetAttributes = {
					AF0F7D172AB6A6DC00D42F2B = {
						CreatedOnToolsVersion = 14.3.1;
					};
				};
			};
			buildConfigurationList = AF0F7D132AB6A6DC00D42F2B /* Build configuration list for PBXProject "myDiary" */;
			compatibilityVersion = "Xcode 14.0";
			developmentRegion = en;
			hasScannedForEncodings = 0;
			knownRegions = (
				en,
				Base,
			);
			mainGroup = AF0F7D0F2AB6A6DC00D42F2B;
			productRefGroup = AF0F7D192AB6A6DC00D42F2B /* Products */;
			projectDirPath = "";
			projectRoot = "";
			targets = (
				AF0F7D172AB6A6DC00D42F2B /* myDiary */,
			);
		};
/* End PBXProject section */

/* Begin PBXResourcesBuildPhase section */
		AF0F7D162AB6A6DC00D42F2B /* Resources */ = {
			isa = PBXResourcesBuildPhase;
			buildActionMask = 2147483647;
			files = (
				AF0F7D282AB6A6DD00D42F2B /* LaunchScreen.storyboard in Resources */,
				AF0F7D252AB6A6DD00D42F2B /* Assets.xcassets in Resources */,
				AF0F7D232AB6A6DC00D42F2B /* Main.storyboard in Resources */,
			);
			runOnlyForDeploymentPostprocessing = 0;
		};
/* End PBXResourcesBuildPhase section */

/* Begin PBXSourcesBuildPhase section */
		AF0F7D142AB6A6DC00D42F2B /* Sources */ = {
			isa = PBXSourcesBuildPhase;
			buildActionMask = 2147483647;
			files = (
				AF0F7D392AB6A94E00D42F2B /* Diary.swift in Sources */,
				AF0F7D1C2AB6A6DC00D42F2B /* AppDelegate.swift in Sources */,
				AF0F7D322AB6A77900D42F2B /* EntryViewController.swift in Sources */,
				AF1D58A12AB6ECBF00F3863F /* DateTableViewCell.swift in Sources */,
				AF81203E2AB6B685000BE7E9 /* TopicTableViewCell.swift in Sources */,
				AF0F7D1E2AB6A6DC00D42F2B /* SceneDelegate.swift in Sources */,
				AF0F7D362AB6A85A00D42F2B /* ResponseTableViewCell.swift in Sources */,
				AF0F7D302AB6A71F00D42F2B /* HistoryTableViewController.swift in Sources */,
			);
			runOnlyForDeploymentPostprocessing = 0;
		};
/* End PBXSourcesBuildPhase section */

/* Begin PBXVariantGroup section */
		AF0F7D212AB6A6DC00D42F2B /* Main.storyboard */ = {
			isa = PBXVariantGroup;
			children = (
				AF0F7D222AB6A6DC00D42F2B /* Base */,
			);
			name = Main.storyboard;
			sourceTree = "<group>";
		};
		AF0F7D262AB6A6DD00D42F2B /* LaunchScreen.storyboard */ = {
			isa = PBXVariantGroup;
			children = (
				AF0F7D272AB6A6DD00D42F2B /* Base */,
			);
			name = LaunchScreen.storyboard;
			sourceTree = "<group>";
		};
/* End PBXVariantGroup section */

/* Begin XCBuildConfiguration section */
		AF0F7D2A2AB6A6DD00D42F2B /* Debug */ = {
			isa = XCBuildConfiguration;
			buildSettings = {
				ALWAYS_SEARCH_USER_PATHS = NO;
				CLANG_ANALYZER_NONNULL = YES;
				CLANG_ANALYZER_NUMBER_OBJECT_CONVERSION = YES_AGGRESSIVE;
				CLANG_CXX_LANGUAGE_STANDARD = "gnu++20";
				CLANG_ENABLE_MODULES = YES;
				CLANG_ENABLE_OBJC_ARC = YES;
				CLANG_ENABLE_OBJC_WEAK = YES;
				CLANG_WARN_BLOCK_CAPTURE_AUTORELEASING = YES;
				CLANG_WARN_BOOL_CONVERSION = YES;
				CLANG_WARN_COMMA = YES;
				CLANG_WARN_CONSTANT_CONVERSION = YES;
				CLANG_WARN_DEPRECATED_OBJC_IMPLEMENTATIONS = YES;
				CLANG_WARN_DIRECT_OBJC_ISA_USAGE = YES_ERROR;
				CLANG_WARN_DOCUMENTATION_COMMENTS = YES;
				CLANG_WARN_EMPTY_BODY = YES;
				CLANG_WARN_ENUM_CONVERSION = YES;
				CLANG_WARN_INFINITE_RECURSION = YES;
				CLANG_WARN_INT_CONVERSION = YES;
				CLANG_WARN_NON_LITERAL_NULL_CONVERSION = YES;
				CLANG_WARN_OBJC_IMPLICIT_RETAIN_SELF = YES;
				CLANG_WARN_OBJC_LITERAL_CONVERSION = YES;
				CLANG_WARN_OBJC_ROOT_CLASS = YES_ERROR;
				CLANG_WARN_QUOTED_INCLUDE_IN_FRAMEWORK_HEADER = YES;
				CLANG_WARN_RANGE_LOOP_ANALYSIS = YES;
				CLANG_WARN_STRICT_PROTOTYPES = YES;
				CLANG_WARN_SUSPICIOUS_MOVE = YES;
				CLANG_WARN_UNGUARDED_AVAILABILITY = YES_AGGRESSIVE;
				CLANG_WARN_UNREACHABLE_CODE = YES;
				CLANG_WARN__DUPLICATE_METHOD_MATCH = YES;
				COPY_PHASE_STRIP = NO;
				DEBUG_INFORMATION_FORMAT = dwarf;
				ENABLE_STRICT_OBJC_MSGSEND = YES;
				ENABLE_TESTABILITY = YES;
				ENABLE_USER_SCRIPT_SANDBOXING = YES;
				GCC_C_LANGUAGE_STANDARD = gnu11;
				GCC_DYNAMIC_NO_PIC = NO;
				GCC_NO_COMMON_BLOCKS = YES;
				GCC_OPTIMIZATION_LEVEL = 0;
				GCC_PREPROCESSOR_DEFINITIONS = (
					"DEBUG=1",
					"$(inherited)",
				);
				GCC_WARN_64_TO_32_BIT_CONVERSION = YES;
				GCC_WARN_ABOUT_RETURN_TYPE = YES_ERROR;
				GCC_WARN_UNDECLARED_SELECTOR = YES;
				GCC_WARN_UNINITIALIZED_AUTOS = YES_AGGRESSIVE;
				GCC_WARN_UNUSED_FUNCTION = YES;
				GCC_WARN_UNUSED_VARIABLE = YES;
				IPHONEOS_DEPLOYMENT_TARGET = 16.4;
				MTL_ENABLE_DEBUG_INFO = INCLUDE_SOURCE;
				MTL_FAST_MATH = YES;
				ONLY_ACTIVE_ARCH = YES;
				SDKROOT = iphoneos;
				SWIFT_ACTIVE_COMPILATION_CONDITIONS = DEBUG;
				SWIFT_OPTIMIZATION_LEVEL = "-Onone";
			};
			name = Debug;
		};
		AF0F7D2B2AB6A6DD00D42F2B /* Release */ = {
			isa = XCBuildConfiguration;
			buildSettings = {
				ALWAYS_SEARCH_USER_PATHS = NO;
				CLANG_ANALYZER_NONNULL = YES;
				CLANG_ANALYZER_NUMBER_OBJECT_CONVERSION = YES_AGGRESSIVE;
				CLANG_CXX_LANGUAGE_STANDARD = "gnu++20";
				CLANG_ENABLE_MODULES = YES;
				CLANG_ENABLE_OBJC_ARC = YES;
				CLANG_ENABLE_OBJC_WEAK = YES;
				CLANG_WARN_BLOCK_CAPTURE_AUTORELEASING = YES;
				CLANG_WARN_BOOL_CONVERSION = YES;
				CLANG_WARN_COMMA = YES;
				CLANG_WARN_CONSTANT_CONVERSION = YES;
				CLANG_WARN_DEPRECATED_OBJC_IMPLEMENTATIONS = YES;
				CLANG_WARN_DIRECT_OBJC_ISA_USAGE = YES_ERROR;
				CLANG_WARN_DOCUMENTATION_COMMENTS = YES;
				CLANG_WARN_EMPTY_BODY = YES;
				CLANG_WARN_ENUM_CONVERSION = YES;
				CLANG_WARN_INFINITE_RECURSION = YES;
				CLANG_WARN_INT_CONVERSION = YES;
				CLANG_WARN_NON_LITERAL_NULL_CONVERSION = YES;
				CLANG_WARN_OBJC_IMPLICIT_RETAIN_SELF = YES;
				CLANG_WARN_OBJC_LITERAL_CONVERSION = YES;
				CLANG_WARN_OBJC_ROOT_CLASS = YES_ERROR;
				CLANG_WARN_QUOTED_INCLUDE_IN_FRAMEWORK_HEADER = YES;
				CLANG_WARN_RANGE_LOOP_ANALYSIS = YES;
				CLANG_WARN_STRICT_PROTOTYPES = YES;
				CLANG_WARN_SUSPICIOUS_MOVE = YES;
				CLANG_WARN_UNGUARDED_AVAILABILITY = YES_AGGRESSIVE;
				CLANG_WARN_UNREACHABLE_CODE = YES;
				CLANG_WARN__DUPLICATE_METHOD_MATCH = YES;
				COPY_PHASE_STRIP = NO;
				DEBUG_INFORMATION_FORMAT = "dwarf-with-dsym";
				ENABLE_NS_ASSERTIONS = NO;
				ENABLE_STRICT_OBJC_MSGSEND = YES;
				ENABLE_USER_SCRIPT_SANDBOXING = YES;
				GCC_C_LANGUAGE_STANDARD = gnu11;
				GCC_NO_COMMON_BLOCKS = YES;
				GCC_WARN_64_TO_32_BIT_CONVERSION = YES;
				GCC_WARN_ABOUT_RETURN_TYPE = YES_ERROR;
				GCC_WARN_UNDECLARED_SELECTOR = YES;
				GCC_WARN_UNINITIALIZED_AUTOS = YES_AGGRESSIVE;
				GCC_WARN_UNUSED_FUNCTION = YES;
				GCC_WARN_UNUSED_VARIABLE = YES;
				IPHONEOS_DEPLOYMENT_TARGET = 16.4;
				MTL_ENABLE_DEBUG_INFO = NO;
				MTL_FAST_MATH = YES;
				SDKROOT = iphoneos;
				SWIFT_COMPILATION_MODE = wholemodule;
				SWIFT_OPTIMIZATION_LEVEL = "-O";
				VALIDATE_PRODUCT = YES;
			};
			name = Release;
		};
		AF0F7D2D2AB6A6DD00D42F2B /* Debug */ = {
			isa = XCBuildConfiguration;
			buildSettings = {
				ASSETCATALOG_COMPILER_APPICON_NAME = AppIcon;
				ASSETCATALOG_COMPILER_GLOBAL_ACCENT_COLOR_NAME = AccentColor;
				CODE_SIGN_STYLE = Automatic;
				CURRENT_PROJECT_VERSION = 1;
				DEVELOPMENT_TEAM = 7WM9U7Y583;
				GENERATE_INFOPLIST_FILE = YES;
				INFOPLIST_FILE = myDiary/Info.plist;
				INFOPLIST_KEY_UIApplicationSupportsIndirectInputEvents = YES;
				INFOPLIST_KEY_UILaunchStoryboardName = LaunchScreen;
				INFOPLIST_KEY_UIMainStoryboardFile = Main;
				INFOPLIST_KEY_UISupportedInterfaceOrientations_iPad = "UIInterfaceOrientationPortrait UIInterfaceOrientationPortraitUpsideDown UIInterfaceOrientationLandscapeLeft UIInterfaceOrientationLandscapeRight";
				INFOPLIST_KEY_UISupportedInterfaceOrientations_iPhone = "UIInterfaceOrientationPortrait UIInterfaceOrientationLandscapeLeft UIInterfaceOrientationLandscapeRight";
				IPHONEOS_DEPLOYMENT_TARGET = 17.0;
				LD_RUNPATH_SEARCH_PATHS = (
					"$(inherited)",
					"@executable_path/Frameworks",
				);
				MARKETING_VERSION = 1.0;
				PRODUCT_BUNDLE_IDENTIFIER = pei.myDiary;
				PRODUCT_NAME = "$(TARGET_NAME)";
				SWIFT_EMIT_LOC_STRINGS = YES;
				SWIFT_VERSION = 5.0;
				TARGETED_DEVICE_FAMILY = "1,2";
			};
			name = Debug;
		};
		AF0F7D2E2AB6A6DD00D42F2B /* Release */ = {
			isa = XCBuildConfiguration;
			buildSettings = {
				ASSETCATALOG_COMPILER_APPICON_NAME = AppIcon;
				ASSETCATALOG_COMPILER_GLOBAL_ACCENT_COLOR_NAME = AccentColor;
				CODE_SIGN_STYLE = Automatic;
				CURRENT_PROJECT_VERSION = 1;
				DEVELOPMENT_TEAM = 7WM9U7Y583;
				GENERATE_INFOPLIST_FILE = YES;
				INFOPLIST_FILE = myDiary/Info.plist;
				INFOPLIST_KEY_UIApplicationSupportsIndirectInputEvents = YES;
				INFOPLIST_KEY_UILaunchStoryboardName = LaunchScreen;
				INFOPLIST_KEY_UIMainStoryboardFile = Main;
				INFOPLIST_KEY_UISupportedInterfaceOrientations_iPad = "UIInterfaceOrientationPortrait UIInterfaceOrientationPortraitUpsideDown UIInterfaceOrientationLandscapeLeft UIInterfaceOrientationLandscapeRight";
				INFOPLIST_KEY_UISupportedInterfaceOrientations_iPhone = "UIInterfaceOrientationPortrait UIInterfaceOrientationLandscapeLeft UIInterfaceOrientationLandscapeRight";
				IPHONEOS_DEPLOYMENT_TARGET = 17.0;
				LD_RUNPATH_SEARCH_PATHS = (
					"$(inherited)",
					"@executable_path/Frameworks",
				);
				MARKETING_VERSION = 1.0;
				PRODUCT_BUNDLE_IDENTIFIER = pei.myDiary;
				PRODUCT_NAME = "$(TARGET_NAME)";
				SWIFT_EMIT_LOC_STRINGS = YES;
				SWIFT_VERSION = 5.0;
				TARGETED_DEVICE_FAMILY = "1,2";
			};
			name = Release;
		};
/* End XCBuildConfiguration section */

/* Begin XCConfigurationList section */
		AF0F7D132AB6A6DC00D42F2B /* Build configuration list for PBXProject "myDiary" */ = {
			isa = XCConfigurationList;
			buildConfigurations = (
				AF0F7D2A2AB6A6DD00D42F2B /* Debug */,
				AF0F7D2B2AB6A6DD00D42F2B /* Release */,
			);
			defaultConfigurationIsVisible = 0;
			defaultConfigurationName = Release;
		};
		AF0F7D2C2AB6A6DD00D42F2B /* Build configuration list for PBXNativeTarget "myDiary" */ = {
			isa = XCConfigurationList;
			buildConfigurations = (
				AF0F7D2D2AB6A6DD00D42F2B /* Debug */,
				AF0F7D2E2AB6A6DD00D42F2B /* Release */,
			);
			defaultConfigurationIsVisible = 0;
			defaultConfigurationName = Release;
		};
/* End XCConfigurationList section */
	};
	rootObject = AF0F7D102AB6A6DC00D42F2B /* Project object */;
}
